{
  "nodes": {
    "nixpkgs": {
      "locked": {
        "lastModified": 1779622335,
        "narHash": "sha256-ViA62qtL5za7V3d5I8OA9q9JcFhsVAiL5jVHwEclWqk=",
        "owner": "NixOS",
        "repo": "nixpkgs",
        "rev": "705e9929918b43bd7b715dc0a878ac870449bb03",
        "type": "github"
      },
      "original": {
        "owner": "NixOS",
        "ref": "nixos-26.05",
        "repo": "nixpkgs",
        "type": "github"
      }
    },
    "root": {
      "inputs": {
        "nixpkgs": "nixpkgs",
        "scss-reset": "scss-reset"
      }
    },
    "scss-reset": {
      "flake": false,
      "locked": {
        "lastModified": 1683906868,
        "narHash": "sha256-cif5Sx8Ca5vxdw/mNAgpulLH15TwmzyJFNM7JURpoaE=",
        "owner": "andreymatin",
        "repo": "scss-reset",
        "rev": "5a7bd491ac82441e6283fb0d5d54644b913b30c7",
        "type": "github"
      },
      "original": {
        "owner": "andreymatin",
        "ref": "1.4.2",
        "repo": "scss-reset",
        "type": "github"
      }
    }
  },
  "root": "root",
  "version": 7
}
