{
  "nodes": {
    "nixpkgs": {
      "locked": {
        "lastModified": 1706683685,
        "narHash": "sha256-FtPPshEpxH/ewBOsdKBNhlsL2MLEFv1hEnQ19f/bFsQ=",
        "owner": "NixOS",
        "repo": "nixpkgs",
        "rev": "5ad9903c16126a7d949101687af0aa589b1d7d3d",
        "type": "github"
      },
      "original": {
        "owner": "NixOS",
        "ref": "nixpkgs-unstable",
        "repo": "nixpkgs",
        "type": "github"
      }
    },
    "root": {
      "inputs": {
        "nixpkgs": "nixpkgs",
        "scss-reset": "scss-reset"
      }
    },
    "scss-reset": {
      "flake": false,
      "locked": {
        "lastModified": 1683906868,
        "narHash": "sha256-cif5Sx8Ca5vxdw/mNAgpulLH15TwmzyJFNM7JURpoaE=",
        "owner": "andreymatin",
        "repo": "scss-reset",
        "rev": "5a7bd491ac82441e6283fb0d5d54644b913b30c7",
        "type": "github"
      },
      "original": {
        "owner": "andreymatin",
        "ref": "1.4.2",
        "repo": "scss-reset",
        "type": "github"
      }
    }
  },
  "root": "root",
  "version": 7
}
